
Microsoft Visual Studio Solution File, Format Version 12.00
# Visual Studio 15
VisualStudioVersion = 15.0.28307.645
MinimumVisualStudioVersion = 10.0.40219.1
Project("{FAE04EC0-301F-11D3-BF4B-00C04F79EFBC}") = "Sky_Fitness", "Sky_Fitness\Sky_Fitness.csproj", "{DFBA2CFF-9A17-476E-804B-F5986AF496CF}"
EndProject
Global
	GlobalSection(SolutionConfigurationPlatforms) = preSolution
		Debug|Any CPU = Debug|Any CPU
		Release|Any CPU = Release|Any CPU
	EndGlobalSection
	GlobalSection(ProjectConfigurationPlatforms) = postSolution
		{DFBA2CFF-9A17-476E-804B-F5986AF496CF}.Debug|Any CPU.ActiveCfg = Debug|Any CPU
		{DFBA2CFF-9A17-476E-804B-F5986AF496CF}.Debug|Any CPU.Build.0 = Debug|Any CPU
		{DFBA2CFF-9A17-476E-804B-F5986AF496CF}.Release|Any CPU.ActiveCfg = Release|Any CPU
		{DFBA2CFF-9A17-476E-804B-F5986AF496CF}.Release|Any CPU.Build.0 = Release|Any CPU
	EndGlobalSection
	GlobalSection(SolutionProperties) = preSolution
		HideSolutionNode = FALSE
	EndGlobalSection
	GlobalSection(ExtensibilityGlobals) = postSolution
		SolutionGuid = {40E456C9-DE27-47A4-93E7-27C0BF0C1A4A}
	EndGlobalSection
EndGlobal
